
Microsoft Visual Studio Solution File, Format Version 12.00
# Visual Studio Version 17
VisualStudioVersion = 17.3.32825.248
MinimumVisualStudioVersion = 10.0.40219.1
Project("{FAE04EC0-301F-11D3-BF4B-00C04F79EFBC}") = "WordUnscramblerAianSeb", "WordUnscramblerAianSeb\WordUnscramblerAianSeb.csproj", "{29C73E32-7F83-41A5-99AE-0D7DE6B7783C}"
EndProject
Global
	GlobalSection(SolutionConfigurationPlatforms) = preSolution
		Debug|Any CPU = Debug|Any CPU
		Release|Any CPU = Release|Any CPU
	EndGlobalSection
	GlobalSection(ProjectConfigurationPlatforms) = postSolution
		{29C73E32-7F83-41A5-99AE-0D7DE6B7783C}.Debug|Any CPU.ActiveCfg = Debug|Any CPU
		{29C73E32-7F83-41A5-99AE-0D7DE6B7783C}.Debug|Any CPU.Build.0 = Debug|Any CPU
		{29C73E32-7F83-41A5-99AE-0D7DE6B7783C}.Release|Any CPU.ActiveCfg = Release|Any CPU
		{29C73E32-7F83-41A5-99AE-0D7DE6B7783C}.Release|Any CPU.Build.0 = Release|Any CPU
	EndGlobalSection
	GlobalSection(SolutionProperties) = preSolution
		HideSolutionNode = FALSE
	EndGlobalSection
	GlobalSection(ExtensibilityGlobals) = postSolution
		SolutionGuid = {00C28421-1991-4D3E-B1EA-A0EFC57EEC49}
	EndGlobalSection
EndGlobal
